
Microsoft Visual Studio Solution File, Format Version 12.00
# Visual Studio Version 17
VisualStudioVersion = 17.6.33417.168
MinimumVisualStudioVersion = 10.0.40219.1
Project("{FAE04EC0-301F-11D3-BF4B-00C04F79EFBC}") = "Mad Tracks data2.bin Extractor", "Mad Tracks data2.bin Extractor\Mad Tracks data2.bin Extractor.csproj", "{0AB39609-FEA1-4662-9143-6104DBA95B74}"
EndProject
Global
	GlobalSection(SolutionConfigurationPlatforms) = preSolution
		Debug|Any CPU = Debug|Any CPU
		Release|Any CPU = Release|Any CPU
	EndGlobalSection
	GlobalSection(ProjectConfigurationPlatforms) = postSolution
		{0AB39609-FEA1-4662-9143-6104DBA95B74}.Debug|Any CPU.ActiveCfg = Debug|Any CPU
		{0AB39609-FEA1-4662-9143-6104DBA95B74}.Debug|Any CPU.Build.0 = Debug|Any CPU
		{0AB39609-FEA1-4662-9143-6104DBA95B74}.Release|Any CPU.ActiveCfg = Release|Any CPU
		{0AB39609-FEA1-4662-9143-6104DBA95B74}.Release|Any CPU.Build.0 = Release|Any CPU
	EndGlobalSection
	GlobalSection(SolutionProperties) = preSolution
		HideSolutionNode = FALSE
	EndGlobalSection
	GlobalSection(ExtensibilityGlobals) = postSolution
		SolutionGuid = {8CC7FEBE-822D-4B99-AB8B-222EAA687A39}
	EndGlobalSection
EndGlobal
